
Microsoft Visual Studio Solution File, Format Version 12.00
# Visual Studio Version 17
VisualStudioVersion = 17.5.33502.453
MinimumVisualStudioVersion = 10.0.40219.1
Project("{FAE04EC0-301F-11D3-BF4B-00C04F79EFBC}") = "MediaGeralPOO", "MediaGeralPOO\MediaGeralPOO.csproj", "{1D32E00E-5860-4FC7-BE52-530B9AB09008}"
EndProject
Global
	GlobalSection(SolutionConfigurationPlatforms) = preSolution
		Debug|Any CPU = Debug|Any CPU
		Release|Any CPU = Release|Any CPU
	EndGlobalSection
	GlobalSection(ProjectConfigurationPlatforms) = postSolution
		{1D32E00E-5860-4FC7-BE52-530B9AB09008}.Debug|Any CPU.ActiveCfg = Debug|Any CPU
		{1D32E00E-5860-4FC7-BE52-530B9AB09008}.Debug|Any CPU.Build.0 = Debug|Any CPU
		{1D32E00E-5860-4FC7-BE52-530B9AB09008}.Release|Any CPU.ActiveCfg = Release|Any CPU
		{1D32E00E-5860-4FC7-BE52-530B9AB09008}.Release|Any CPU.Build.0 = Release|Any CPU
	EndGlobalSection
	GlobalSection(SolutionProperties) = preSolution
		HideSolutionNode = FALSE
	EndGlobalSection
	GlobalSection(ExtensibilityGlobals) = postSolution
		SolutionGuid = {8B8D83AF-3E7C-49C8-A4D5-D78ADFA388A5}
	EndGlobalSection
EndGlobal
